PODS:
  - Charts (2.1.6)
  - ReactiveCocoa (4.0.0-RC.1):
    - ReactiveCocoa/UI (= 4.0.0-RC.1)
    - Result (~> 1.0)
  - ReactiveCocoa/Core (4.0.0-RC.1):
    - ReactiveCocoa/no-arc
    - Result (~> 1.0)
  - ReactiveCocoa/no-arc (4.0.0-RC.1):
    - Result (~> 1.0)
  - ReactiveCocoa/UI (4.0.0-RC.1):
    - ReactiveCocoa/Core
    - Result (~> 1.0)
  - Realm (0.97.0):
    - Realm/Headers (= 0.97.0)
  - Realm/Headers (0.97.0)
  - RealmSwift (0.97.0):
    - Realm (= 0.97.0)
  - Result (1.0.1)
  - SwiftyTimer (1.2.0)

DEPENDENCIES:
  - Charts
  - ReactiveCocoa (= 4.0.0-RC.1)
  - RealmSwift
  - SwiftyTimer

SPEC CHECKSUMS:
  Charts: 5e1e5ac23898e5b09d226a2fc3e9d86bc281937e
  ReactiveCocoa: 2b0f654beb7642b82cfd3fdb845205ae9889422c
  Realm: b498a6fb9d288b171ff98d0e2d4384c295be8990
  RealmSwift: d014810dec75c9a3f1a33926d2dabfed855c582c
  Result: caef80340451e1f07492fa1e89117f83613bce24
  SwiftyTimer: 5453593e0aaacfb1611fb6986d257281140913bb

COCOAPODS: 0.39.0
